
Microsoft Visual Studio Solution File, Format Version 12.00
# Visual Studio Version 17
VisualStudioVersion = 17.0.31903.59
MinimumVisualStudioVersion = 10.0.40219.1
Project("{2150E333-8FDC-42A3-9474-1A3956D46DE8}") = "cli", "cli", "{342A349A-D343-8551-4064-2E2800C39E13}"
EndProject
Project("{FAE04EC0-301F-11D3-BF4B-00C04F79EFBC}") = "psecsapi.Console", "cli\psecsapi.Console.csproj", "{C54E2269-F900-4481-902E-BF964080D632}"
EndProject
Project("{2150E333-8FDC-42A3-9474-1A3956D46DE8}") = "api-models", "api-models", "{BFD8266C-DB8A-A66D-44FA-EB432219C16A}"
EndProject
Project("{FAE04EC0-301F-11D3-BF4B-00C04F79EFBC}") = "psecsapi.api.models", "api-models\psecsapi.api.models.csproj", "{8AC4E597-313D-4583-8D65-E3EEB0834191}"
EndProject
Project("{2150E333-8FDC-42A3-9474-1A3956D46DE8}") = "shared", "shared", "{4F52FD11-658E-A102-6CD3-7D7C16FFA15B}"
EndProject
Project("{FAE04EC0-301F-11D3-BF4B-00C04F79EFBC}") = "psecsapi.Shared", "shared\psecsapi.Shared.csproj", "{B64B8880-1A09-43E9-801B-38077CEEC3A0}"
EndProject
Global
	GlobalSection(SolutionConfigurationPlatforms) = preSolution
		Debug|Any CPU = Debug|Any CPU
		Debug|x64 = Debug|x64
		Debug|x86 = Debug|x86
		Release|Any CPU = Release|Any CPU
		Release|x64 = Release|x64
		Release|x86 = Release|x86
	EndGlobalSection
	GlobalSection(ProjectConfigurationPlatforms) = postSolution
		{C54E2269-F900-4481-902E-BF964080D632}.Debug|Any CPU.ActiveCfg = Debug|Any CPU
		{C54E2269-F900-4481-902E-BF964080D632}.Debug|Any CPU.Build.0 = Debug|Any CPU
		{C54E2269-F900-4481-902E-BF964080D632}.Debug|x64.ActiveCfg = Debug|Any CPU
		{C54E2269-F900-4481-902E-BF964080D632}.Debug|x64.Build.0 = Debug|Any CPU
		{C54E2269-F900-4481-902E-BF964080D632}.Debug|x86.ActiveCfg = Debug|Any CPU
		{C54E2269-F900-4481-902E-BF964080D632}.Debug|x86.Build.0 = Debug|Any CPU
		{C54E2269-F900-4481-902E-BF964080D632}.Release|Any CPU.ActiveCfg = Release|Any CPU
		{C54E2269-F900-4481-902E-BF964080D632}.Release|Any CPU.Build.0 = Release|Any CPU
		{C54E2269-F900-4481-902E-BF964080D632}.Release|x64.ActiveCfg = Release|Any CPU
		{C54E2269-F900-4481-902E-BF964080D632}.Release|x64.Build.0 = Release|Any CPU
		{C54E2269-F900-4481-902E-BF964080D632}.Release|x86.ActiveCfg = Release|Any CPU
		{C54E2269-F900-4481-902E-BF964080D632}.Release|x86.Build.0 = Release|Any CPU
		{8AC4E597-313D-4583-8D65-E3EEB0834191}.Debug|Any CPU.ActiveCfg = Debug|Any CPU
		{8AC4E597-313D-4583-8D65-E3EEB0834191}.Debug|Any CPU.Build.0 = Debug|Any CPU
		{8AC4E597-313D-4583-8D65-E3EEB0834191}.Debug|x64.ActiveCfg = Debug|Any CPU
		{8AC4E597-313D-4583-8D65-E3EEB0834191}.Debug|x64.Build.0 = Debug|Any CPU
		{8AC4E597-313D-4583-8D65-E3EEB0834191}.Debug|x86.ActiveCfg = Debug|Any CPU
		{8AC4E597-313D-4583-8D65-E3EEB0834191}.Debug|x86.Build.0 = Debug|Any CPU
		{8AC4E597-313D-4583-8D65-E3EEB0834191}.Release|Any CPU.ActiveCfg = Release|Any CPU
		{8AC4E597-313D-4583-8D65-E3EEB0834191}.Release|Any CPU.Build.0 = Release|Any CPU
		{8AC4E597-313D-4583-8D65-E3EEB0834191}.Release|x64.ActiveCfg = Release|Any CPU
		{8AC4E597-313D-4583-8D65-E3EEB0834191}.Release|x64.Build.0 = Release|Any CPU
		{8AC4E597-313D-4583-8D65-E3EEB0834191}.Release|x86.ActiveCfg = Release|Any CPU
		{8AC4E597-313D-4583-8D65-E3EEB0834191}.Release|x86.Build.0 = Release|Any CPU
		{B64B8880-1A09-43E9-801B-38077CEEC3A0}.Debug|Any CPU.ActiveCfg = Debug|Any CPU
		{B64B8880-1A09-43E9-801B-38077CEEC3A0}.Debug|Any CPU.Build.0 = Debug|Any CPU
		{B64B8880-1A09-43E9-801B-38077CEEC3A0}.Debug|x64.ActiveCfg = Debug|Any CPU
		{B64B8880-1A09-43E9-801B-38077CEEC3A0}.Debug|x64.Build.0 = Debug|Any CPU
		{B64B8880-1A09-43E9-801B-38077CEEC3A0}.Debug|x86.ActiveCfg = Debug|Any CPU
		{B64B8880-1A09-43E9-801B-38077CEEC3A0}.Debug|x86.Build.0 = Debug|Any CPU
		{B64B8880-1A09-43E9-801B-38077CEEC3A0}.Release|Any CPU.ActiveCfg = Release|Any CPU
		{B64B8880-1A09-43E9-801B-38077CEEC3A0}.Release|Any CPU.Build.0 = Release|Any CPU
		{B64B8880-1A09-43E9-801B-38077CEEC3A0}.Release|x64.ActiveCfg = Release|Any CPU
		{B64B8880-1A09-43E9-801B-38077CEEC3A0}.Release|x64.Build.0 = Release|Any CPU
		{B64B8880-1A09-43E9-801B-38077CEEC3A0}.Release|x86.ActiveCfg = Release|Any CPU
		{B64B8880-1A09-43E9-801B-38077CEEC3A0}.Release|x86.Build.0 = Release|Any CPU
	EndGlobalSection
	GlobalSection(SolutionProperties) = preSolution
		HideSolutionNode = FALSE
	EndGlobalSection
	GlobalSection(NestedProjects) = preSolution
		{C54E2269-F900-4481-902E-BF964080D632} = {342A349A-D343-8551-4064-2E2800C39E13}
		{8AC4E597-313D-4583-8D65-E3EEB0834191} = {BFD8266C-DB8A-A66D-44FA-EB432219C16A}
		{B64B8880-1A09-43E9-801B-38077CEEC3A0} = {4F52FD11-658E-A102-6CD3-7D7C16FFA15B}
	EndGlobalSection
EndGlobal
