
Microsoft Visual Studio Solution File, Format Version 12.00
# Visual Studio Version 17
VisualStudioVersion = 17.0.31903.59
MinimumVisualStudioVersion = 10.0.40219.1
Project("{2150E333-8FDC-42A3-9474-1A3956D46DE8}") = "cli", "cli", "{342A349A-D343-8551-4064-2E2800C39E13}"
EndProject
Project("{FAE04EC0-301F-11D3-BF4B-00C04F79EFBC}") = "psecsapi.Console", "cli\psecsapi.Console.csproj", "{DAFB503A-7DDE-47C4-99D8-6A55E8A7F026}"
EndProject
Project("{2150E333-8FDC-42A3-9474-1A3956D46DE8}") = "api-models", "api-models", "{BFD8266C-DB8A-A66D-44FA-EB432219C16A}"
EndProject
Project("{FAE04EC0-301F-11D3-BF4B-00C04F79EFBC}") = "psecsapi.api.models", "api-models\psecsapi.api.models.csproj", "{C54B20C4-DAFC-4022-AA84-5270618C92FB}"
EndProject
Project("{2150E333-8FDC-42A3-9474-1A3956D46DE8}") = "shared", "shared", "{4F52FD11-658E-A102-6CD3-7D7C16FFA15B}"
EndProject
Project("{FAE04EC0-301F-11D3-BF4B-00C04F79EFBC}") = "psecsapi.Shared", "shared\psecsapi.Shared.csproj", "{34303B0A-13D6-4D84-A750-258E0B79B1A6}"
EndProject
Project("{2150E333-8FDC-42A3-9474-1A3956D46DE8}") = "combat", "combat", "{5D176E61-BE59-15F7-1B07-33F5D409FDA1}"
EndProject
Project("{FAE04EC0-301F-11D3-BF4B-00C04F79EFBC}") = "psecsapi.Combat", "combat\psecsapi.Combat.csproj", "{16410906-B1CE-4982-AE06-23F11D04F851}"
EndProject
Global
	GlobalSection(SolutionConfigurationPlatforms) = preSolution
		Debug|Any CPU = Debug|Any CPU
		Debug|x64 = Debug|x64
		Debug|x86 = Debug|x86
		Release|Any CPU = Release|Any CPU
		Release|x64 = Release|x64
		Release|x86 = Release|x86
	EndGlobalSection
	GlobalSection(ProjectConfigurationPlatforms) = postSolution
		{DAFB503A-7DDE-47C4-99D8-6A55E8A7F026}.Debug|Any CPU.ActiveCfg = Debug|Any CPU
		{DAFB503A-7DDE-47C4-99D8-6A55E8A7F026}.Debug|Any CPU.Build.0 = Debug|Any CPU
		{DAFB503A-7DDE-47C4-99D8-6A55E8A7F026}.Debug|x64.ActiveCfg = Debug|Any CPU
		{DAFB503A-7DDE-47C4-99D8-6A55E8A7F026}.Debug|x64.Build.0 = Debug|Any CPU
		{DAFB503A-7DDE-47C4-99D8-6A55E8A7F026}.Debug|x86.ActiveCfg = Debug|Any CPU
		{DAFB503A-7DDE-47C4-99D8-6A55E8A7F026}.Debug|x86.Build.0 = Debug|Any CPU
		{DAFB503A-7DDE-47C4-99D8-6A55E8A7F026}.Release|Any CPU.ActiveCfg = Release|Any CPU
		{DAFB503A-7DDE-47C4-99D8-6A55E8A7F026}.Release|Any CPU.Build.0 = Release|Any CPU
		{DAFB503A-7DDE-47C4-99D8-6A55E8A7F026}.Release|x64.ActiveCfg = Release|Any CPU
		{DAFB503A-7DDE-47C4-99D8-6A55E8A7F026}.Release|x64.Build.0 = Release|Any CPU
		{DAFB503A-7DDE-47C4-99D8-6A55E8A7F026}.Release|x86.ActiveCfg = Release|Any CPU
		{DAFB503A-7DDE-47C4-99D8-6A55E8A7F026}.Release|x86.Build.0 = Release|Any CPU
		{C54B20C4-DAFC-4022-AA84-5270618C92FB}.Debug|Any CPU.ActiveCfg = Debug|Any CPU
		{C54B20C4-DAFC-4022-AA84-5270618C92FB}.Debug|Any CPU.Build.0 = Debug|Any CPU
		{C54B20C4-DAFC-4022-AA84-5270618C92FB}.Debug|x64.ActiveCfg = Debug|Any CPU
		{C54B20C4-DAFC-4022-AA84-5270618C92FB}.Debug|x64.Build.0 = Debug|Any CPU
		{C54B20C4-DAFC-4022-AA84-5270618C92FB}.Debug|x86.ActiveCfg = Debug|Any CPU
		{C54B20C4-DAFC-4022-AA84-5270618C92FB}.Debug|x86.Build.0 = Debug|Any CPU
		{C54B20C4-DAFC-4022-AA84-5270618C92FB}.Release|Any CPU.ActiveCfg = Release|Any CPU
		{C54B20C4-DAFC-4022-AA84-5270618C92FB}.Release|Any CPU.Build.0 = Release|Any CPU
		{C54B20C4-DAFC-4022-AA84-5270618C92FB}.Release|x64.ActiveCfg = Release|Any CPU
		{C54B20C4-DAFC-4022-AA84-5270618C92FB}.Release|x64.Build.0 = Release|Any CPU
		{C54B20C4-DAFC-4022-AA84-5270618C92FB}.Release|x86.ActiveCfg = Release|Any CPU
		{C54B20C4-DAFC-4022-AA84-5270618C92FB}.Release|x86.Build.0 = Release|Any CPU
		{34303B0A-13D6-4D84-A750-258E0B79B1A6}.Debug|Any CPU.ActiveCfg = Debug|Any CPU
		{34303B0A-13D6-4D84-A750-258E0B79B1A6}.Debug|Any CPU.Build.0 = Debug|Any CPU
		{34303B0A-13D6-4D84-A750-258E0B79B1A6}.Debug|x64.ActiveCfg = Debug|Any CPU
		{34303B0A-13D6-4D84-A750-258E0B79B1A6}.Debug|x64.Build.0 = Debug|Any CPU
		{34303B0A-13D6-4D84-A750-258E0B79B1A6}.Debug|x86.ActiveCfg = Debug|Any CPU
		{34303B0A-13D6-4D84-A750-258E0B79B1A6}.Debug|x86.Build.0 = Debug|Any CPU
		{34303B0A-13D6-4D84-A750-258E0B79B1A6}.Release|Any CPU.ActiveCfg = Release|Any CPU
		{34303B0A-13D6-4D84-A750-258E0B79B1A6}.Release|Any CPU.Build.0 = Release|Any CPU
		{34303B0A-13D6-4D84-A750-258E0B79B1A6}.Release|x64.ActiveCfg = Release|Any CPU
		{34303B0A-13D6-4D84-A750-258E0B79B1A6}.Release|x64.Build.0 = Release|Any CPU
		{34303B0A-13D6-4D84-A750-258E0B79B1A6}.Release|x86.ActiveCfg = Release|Any CPU
		{34303B0A-13D6-4D84-A750-258E0B79B1A6}.Release|x86.Build.0 = Release|Any CPU
		{16410906-B1CE-4982-AE06-23F11D04F851}.Debug|Any CPU.ActiveCfg = Debug|Any CPU
		{16410906-B1CE-4982-AE06-23F11D04F851}.Debug|Any CPU.Build.0 = Debug|Any CPU
		{16410906-B1CE-4982-AE06-23F11D04F851}.Debug|x64.ActiveCfg = Debug|Any CPU
		{16410906-B1CE-4982-AE06-23F11D04F851}.Debug|x64.Build.0 = Debug|Any CPU
		{16410906-B1CE-4982-AE06-23F11D04F851}.Debug|x86.ActiveCfg = Debug|Any CPU
		{16410906-B1CE-4982-AE06-23F11D04F851}.Debug|x86.Build.0 = Debug|Any CPU
		{16410906-B1CE-4982-AE06-23F11D04F851}.Release|Any CPU.ActiveCfg = Release|Any CPU
		{16410906-B1CE-4982-AE06-23F11D04F851}.Release|Any CPU.Build.0 = Release|Any CPU
		{16410906-B1CE-4982-AE06-23F11D04F851}.Release|x64.ActiveCfg = Release|Any CPU
		{16410906-B1CE-4982-AE06-23F11D04F851}.Release|x64.Build.0 = Release|Any CPU
		{16410906-B1CE-4982-AE06-23F11D04F851}.Release|x86.ActiveCfg = Release|Any CPU
		{16410906-B1CE-4982-AE06-23F11D04F851}.Release|x86.Build.0 = Release|Any CPU
	EndGlobalSection
	GlobalSection(SolutionProperties) = preSolution
		HideSolutionNode = FALSE
	EndGlobalSection
	GlobalSection(NestedProjects) = preSolution
		{DAFB503A-7DDE-47C4-99D8-6A55E8A7F026} = {342A349A-D343-8551-4064-2E2800C39E13}
		{C54B20C4-DAFC-4022-AA84-5270618C92FB} = {BFD8266C-DB8A-A66D-44FA-EB432219C16A}
		{34303B0A-13D6-4D84-A750-258E0B79B1A6} = {4F52FD11-658E-A102-6CD3-7D7C16FFA15B}
		{16410906-B1CE-4982-AE06-23F11D04F851} = {5D176E61-BE59-15F7-1B07-33F5D409FDA1}
	EndGlobalSection
EndGlobal
