
Microsoft Visual Studio Solution File, Format Version 12.00
# Visual Studio Version 17
VisualStudioVersion = 17.0.31903.59
MinimumVisualStudioVersion = 10.0.40219.1
Project("{2150E333-8FDC-42A3-9474-1A3956D46DE8}") = "cli", "cli", "{342A349A-D343-8551-4064-2E2800C39E13}"
EndProject
Project("{FAE04EC0-301F-11D3-BF4B-00C04F79EFBC}") = "psecsapi.Console", "cli\psecsapi.Console.csproj", "{22ED04B9-7F34-4550-9251-34B629C004C6}"
EndProject
Project("{2150E333-8FDC-42A3-9474-1A3956D46DE8}") = "api-models", "api-models", "{BFD8266C-DB8A-A66D-44FA-EB432219C16A}"
EndProject
Project("{FAE04EC0-301F-11D3-BF4B-00C04F79EFBC}") = "psecsapi.api.models", "api-models\psecsapi.api.models.csproj", "{79CA3692-8828-41DD-A9CC-79CCEE780118}"
EndProject
Project("{2150E333-8FDC-42A3-9474-1A3956D46DE8}") = "shared", "shared", "{4F52FD11-658E-A102-6CD3-7D7C16FFA15B}"
EndProject
Project("{FAE04EC0-301F-11D3-BF4B-00C04F79EFBC}") = "psecsapi.Shared", "shared\psecsapi.Shared.csproj", "{B6EE5FF8-94F8-41AD-BF8B-8E57C988C3B6}"
EndProject
Project("{2150E333-8FDC-42A3-9474-1A3956D46DE8}") = "combat", "combat", "{5D176E61-BE59-15F7-1B07-33F5D409FDA1}"
EndProject
Project("{FAE04EC0-301F-11D3-BF4B-00C04F79EFBC}") = "psecsapi.Combat", "combat\psecsapi.Combat.csproj", "{E3D32943-5053-4D0A-989C-57108215BFA5}"
EndProject
Global
	GlobalSection(SolutionConfigurationPlatforms) = preSolution
		Debug|Any CPU = Debug|Any CPU
		Debug|x64 = Debug|x64
		Debug|x86 = Debug|x86
		Release|Any CPU = Release|Any CPU
		Release|x64 = Release|x64
		Release|x86 = Release|x86
	EndGlobalSection
	GlobalSection(ProjectConfigurationPlatforms) = postSolution
		{22ED04B9-7F34-4550-9251-34B629C004C6}.Debug|Any CPU.ActiveCfg = Debug|Any CPU
		{22ED04B9-7F34-4550-9251-34B629C004C6}.Debug|Any CPU.Build.0 = Debug|Any CPU
		{22ED04B9-7F34-4550-9251-34B629C004C6}.Debug|x64.ActiveCfg = Debug|Any CPU
		{22ED04B9-7F34-4550-9251-34B629C004C6}.Debug|x64.Build.0 = Debug|Any CPU
		{22ED04B9-7F34-4550-9251-34B629C004C6}.Debug|x86.ActiveCfg = Debug|Any CPU
		{22ED04B9-7F34-4550-9251-34B629C004C6}.Debug|x86.Build.0 = Debug|Any CPU
		{22ED04B9-7F34-4550-9251-34B629C004C6}.Release|Any CPU.ActiveCfg = Release|Any CPU
		{22ED04B9-7F34-4550-9251-34B629C004C6}.Release|Any CPU.Build.0 = Release|Any CPU
		{22ED04B9-7F34-4550-9251-34B629C004C6}.Release|x64.ActiveCfg = Release|Any CPU
		{22ED04B9-7F34-4550-9251-34B629C004C6}.Release|x64.Build.0 = Release|Any CPU
		{22ED04B9-7F34-4550-9251-34B629C004C6}.Release|x86.ActiveCfg = Release|Any CPU
		{22ED04B9-7F34-4550-9251-34B629C004C6}.Release|x86.Build.0 = Release|Any CPU
		{79CA3692-8828-41DD-A9CC-79CCEE780118}.Debug|Any CPU.ActiveCfg = Debug|Any CPU
		{79CA3692-8828-41DD-A9CC-79CCEE780118}.Debug|Any CPU.Build.0 = Debug|Any CPU
		{79CA3692-8828-41DD-A9CC-79CCEE780118}.Debug|x64.ActiveCfg = Debug|Any CPU
		{79CA3692-8828-41DD-A9CC-79CCEE780118}.Debug|x64.Build.0 = Debug|Any CPU
		{79CA3692-8828-41DD-A9CC-79CCEE780118}.Debug|x86.ActiveCfg = Debug|Any CPU
		{79CA3692-8828-41DD-A9CC-79CCEE780118}.Debug|x86.Build.0 = Debug|Any CPU
		{79CA3692-8828-41DD-A9CC-79CCEE780118}.Release|Any CPU.ActiveCfg = Release|Any CPU
		{79CA3692-8828-41DD-A9CC-79CCEE780118}.Release|Any CPU.Build.0 = Release|Any CPU
		{79CA3692-8828-41DD-A9CC-79CCEE780118}.Release|x64.ActiveCfg = Release|Any CPU
		{79CA3692-8828-41DD-A9CC-79CCEE780118}.Release|x64.Build.0 = Release|Any CPU
		{79CA3692-8828-41DD-A9CC-79CCEE780118}.Release|x86.ActiveCfg = Release|Any CPU
		{79CA3692-8828-41DD-A9CC-79CCEE780118}.Release|x86.Build.0 = Release|Any CPU
		{B6EE5FF8-94F8-41AD-BF8B-8E57C988C3B6}.Debug|Any CPU.ActiveCfg = Debug|Any CPU
		{B6EE5FF8-94F8-41AD-BF8B-8E57C988C3B6}.Debug|Any CPU.Build.0 = Debug|Any CPU
		{B6EE5FF8-94F8-41AD-BF8B-8E57C988C3B6}.Debug|x64.ActiveCfg = Debug|Any CPU
		{B6EE5FF8-94F8-41AD-BF8B-8E57C988C3B6}.Debug|x64.Build.0 = Debug|Any CPU
		{B6EE5FF8-94F8-41AD-BF8B-8E57C988C3B6}.Debug|x86.ActiveCfg = Debug|Any CPU
		{B6EE5FF8-94F8-41AD-BF8B-8E57C988C3B6}.Debug|x86.Build.0 = Debug|Any CPU
		{B6EE5FF8-94F8-41AD-BF8B-8E57C988C3B6}.Release|Any CPU.ActiveCfg = Release|Any CPU
		{B6EE5FF8-94F8-41AD-BF8B-8E57C988C3B6}.Release|Any CPU.Build.0 = Release|Any CPU
		{B6EE5FF8-94F8-41AD-BF8B-8E57C988C3B6}.Release|x64.ActiveCfg = Release|Any CPU
		{B6EE5FF8-94F8-41AD-BF8B-8E57C988C3B6}.Release|x64.Build.0 = Release|Any CPU
		{B6EE5FF8-94F8-41AD-BF8B-8E57C988C3B6}.Release|x86.ActiveCfg = Release|Any CPU
		{B6EE5FF8-94F8-41AD-BF8B-8E57C988C3B6}.Release|x86.Build.0 = Release|Any CPU
		{E3D32943-5053-4D0A-989C-57108215BFA5}.Debug|Any CPU.ActiveCfg = Debug|Any CPU
		{E3D32943-5053-4D0A-989C-57108215BFA5}.Debug|Any CPU.Build.0 = Debug|Any CPU
		{E3D32943-5053-4D0A-989C-57108215BFA5}.Debug|x64.ActiveCfg = Debug|Any CPU
		{E3D32943-5053-4D0A-989C-57108215BFA5}.Debug|x64.Build.0 = Debug|Any CPU
		{E3D32943-5053-4D0A-989C-57108215BFA5}.Debug|x86.ActiveCfg = Debug|Any CPU
		{E3D32943-5053-4D0A-989C-57108215BFA5}.Debug|x86.Build.0 = Debug|Any CPU
		{E3D32943-5053-4D0A-989C-57108215BFA5}.Release|Any CPU.ActiveCfg = Release|Any CPU
		{E3D32943-5053-4D0A-989C-57108215BFA5}.Release|Any CPU.Build.0 = Release|Any CPU
		{E3D32943-5053-4D0A-989C-57108215BFA5}.Release|x64.ActiveCfg = Release|Any CPU
		{E3D32943-5053-4D0A-989C-57108215BFA5}.Release|x64.Build.0 = Release|Any CPU
		{E3D32943-5053-4D0A-989C-57108215BFA5}.Release|x86.ActiveCfg = Release|Any CPU
		{E3D32943-5053-4D0A-989C-57108215BFA5}.Release|x86.Build.0 = Release|Any CPU
	EndGlobalSection
	GlobalSection(SolutionProperties) = preSolution
		HideSolutionNode = FALSE
	EndGlobalSection
	GlobalSection(NestedProjects) = preSolution
		{22ED04B9-7F34-4550-9251-34B629C004C6} = {342A349A-D343-8551-4064-2E2800C39E13}
		{79CA3692-8828-41DD-A9CC-79CCEE780118} = {BFD8266C-DB8A-A66D-44FA-EB432219C16A}
		{B6EE5FF8-94F8-41AD-BF8B-8E57C988C3B6} = {4F52FD11-658E-A102-6CD3-7D7C16FFA15B}
		{E3D32943-5053-4D0A-989C-57108215BFA5} = {5D176E61-BE59-15F7-1B07-33F5D409FDA1}
	EndGlobalSection
EndGlobal
